schema: '2.0'
stages:
  process_data:
    cmd: venv/bin/python src/data/make_dataset.py --input data/01_raw --output 
      data/03_primary --app-filename application_train_history.csv
    deps:
    - path: data/01_raw/application_train_history.csv
      hash: md5
      md5: 2736308d2d26deb5f6a05d3b57bdbf6e
      size: 148620690
    - path: src/data/make_dataset.py
      hash: md5
      md5: 7e14ecffad1f62418129cbe1b05717d9
      size: 4896
    outs:
    - path: data/03_primary
      hash: md5
      md5: f16779c9a050e16d3f7992a93771bbd6.dir
      size: 148620690
      nfiles: 1
  engineer_features:
    cmd: export PYTHONPATH=$PYTHONPATH:$(pwd) && venv/bin/python 
      src/features/build_features.py --input data/03_primary --output 
      data/04_features
    deps:
    - path: data/03_primary
      hash: md5
      md5: f16779c9a050e16d3f7992a93771bbd6.dir
      size: 148620690
      nfiles: 1
    - path: src/features/build_features.py
      hash: md5
      md5: d726d4fd59080419b00f08388e0d88ec
      size: 8993
    outs:
    - path: data/04_features
      hash: md5
      md5: 5c29251b109ff4fe8a4215240f4c1fc2.dir
      size: 551324094
      nfiles: 5
  train_model:
    cmd: export PYTHONPATH=$PYTHONPATH:$(pwd) && venv/bin/python 
      src/models/train_model.py
    deps:
    - path: data/04_features
      hash: md5
      md5: 5c29251b109ff4fe8a4215240f4c1fc2.dir
      size: 551324094
      nfiles: 5
    - path: src/models/train_model.py
      hash: md5
      md5: 652a4004f6b18ca37daba3a78145f2d9
      size: 8509
    params:
      params.yaml:
        models:
          model_type: lightgbm
          use_hpo: true
          n_estimators: 100
          max_depth: 10
    outs:
    - path: models/lightgbm_model.joblib
      hash: md5
      md5: 26be0b162a2ba003c99f27c90e35bdd4
      size: 996324
  benchmark:
    cmd: venv/bin/python src/models/compare_models.py
    deps:
    - path: data/04_features
      hash: md5
      md5: 5c29251b109ff4fe8a4215240f4c1fc2.dir
      size: 551324094
      nfiles: 5
    - path: src/models/compare_models.py
      hash: md5
      md5: 0124ac16e1ed37a655cccda678b0e315
      size: 3979
    outs:
    - path: models/champion_config.json
      hash: md5
      md5: 3eb780f6b26b311264825444d7acebac
      size: 167
    - path: reports/benchmark_results.csv
      hash: md5
      md5: c4dd7664c7c18671f79efddddec28660
      size: 208
  validate_data:
    cmd: venv/bin/python src/data/validate_data.py --input 
      data/03_primary/credit_data_processed.csv
    deps:
    - path: data/03_primary/credit_data_processed.csv
      hash: md5
      md5: 2736308d2d26deb5f6a05d3b57bdbf6e
      size: 148620690
    - path: src/data/validate_data.py
      hash: md5
      md5: 4fe90bf5973ad17e786080dd1e223e98
      size: 4604
  check_drift:
    cmd: venv/bin/python src/monitoring/drift_detection.py --reference 
      data/03_primary/credit_data_processed.csv --current 
      data/simulation/future_stream/batch_1.csv
    deps:
    - path: data/03_primary/credit_data_processed.csv
      hash: md5
      md5: 2736308d2d26deb5f6a05d3b57bdbf6e
      size: 148620690
    - path: data/simulation/future_stream/batch_1.csv
      hash: md5
      md5: 0590731e69a038057b3fca11e1fc68c3
      size: 2681793
    - path: src/monitoring/drift_detection.py
      hash: md5
      md5: 39813bac06439e39ab4a14cae4b26c86
      size: 4677
    outs:
    - path: reports/drift_report.html
      hash: md5
      md5: feff820c38b85ca27c7856aa00dee509
      size: 9567759
