schema: '2.0'
stages:
  process_data:
    cmd: venv/bin/python src/data/make_dataset.py --input data/01_raw --output 
      data/03_primary
    deps:
    - path: data/01_raw
      hash: md5
      md5: d751713988987e9331980363e24189ce.dir
      size: 0
      nfiles: 0
    - path: src/data/make_dataset.py
      hash: md5
      md5: 68248e5b9975eff5c54e9da3ff5bdf21
      size: 4352
    outs:
    - path: data/03_primary
      hash: md5
      md5: c73eaf0a7e3527a75d3a2333e8ef8de8.dir
      size: 14027
      nfiles: 1
  engineer_features:
    cmd: venv/bin/python src/features/build_features.py --input data/03_primary 
      --output data/04_features
    deps:
    - path: data/03_primary
      hash: md5
      md5: c73eaf0a7e3527a75d3a2333e8ef8de8.dir
      size: 14027
      nfiles: 1
    - path: src/features/build_features.py
      hash: md5
      md5: f3dcb18a1abb81e94baf03eaef46ada1
      size: 6989
    outs:
    - path: data/04_features
      hash: md5
      md5: 74a1e563c3b4c55e9326743b085b09aa.dir
      size: 18654
      nfiles: 5
  train_model:
    cmd: venv/bin/python src/models/train_model.py
    deps:
    - path: data/04_features
      hash: md5
      md5: 74a1e563c3b4c55e9326743b085b09aa.dir
      size: 18654
      nfiles: 5
    - path: src/models/train_model.py
      hash: md5
      md5: 53523697c08f24ee13ea8bf781d20f65
      size: 4324
    params:
      params.yaml:
        models:
          model_type: logistic_regression
    outs:
    - path: models/credit_risk_model_logistic_regression.pkl
      hash: md5
      md5: 0159fb76fe2999932489c7612002dd28
      size: 1007
  benchmark:
    cmd: venv/bin/python src/models/compare_models.py
    deps:
    - path: data/04_features
      hash: md5
      md5: 74a1e563c3b4c55e9326743b085b09aa.dir
      size: 18654
      nfiles: 5
    - path: src/models/compare_models.py
      hash: md5
      md5: 1e58473f5787ac3d08a2f3c95086705f
      size: 2831
    outs:
    - path: reports/benchmark_results.csv
      hash: md5
      md5: 69d5ed0cc08260dcebb439aa8e1555f8
      size: 230
  validate_data:
    cmd: venv/bin/python src/data/validate_data.py --input 
      data/03_primary/credit_data_processed.csv
    deps:
    - path: data/03_primary/credit_data_processed.csv
      hash: md5
      md5: 752a7656e2004da624ad0830c0e72dda
      size: 14027
    - path: src/data/validate_data.py
      hash: md5
      md5: 244d6db74071a6ddf2cd5c5353e9de26
      size: 3333
